
Microsoft Visual Studio Solution File, Format Version 12.00
# Visual Studio Version 16
VisualStudioVersion = 16.0.29609.76
MinimumVisualStudioVersion = 10.0.40219.1
Project("{FAE04EC0-301F-11D3-BF4B-00C04F79EFBC}") = "PersonalTracking", "PersonalTracking\PersonalTracking.csproj", "{16F5616E-11C5-447C-8DBB-94903B24A990}"
EndProject
Project("{FAE04EC0-301F-11D3-BF4B-00C04F79EFBC}") = "BLL", "BLL\BLL.csproj", "{BEE54D6F-796B-40C6-A9D6-1DD13A3F7AC6}"
EndProject
Project("{FAE04EC0-301F-11D3-BF4B-00C04F79EFBC}") = "DAL", "DAL\DAL.csproj", "{7CCF7DC7-4D4F-45C7-BB3C-42F3A7A08A89}"
EndProject
Global
	GlobalSection(SolutionConfigurationPlatforms) = preSolution
		Debug|Any CPU = Debug|Any CPU
		Release|Any CPU = Release|Any CPU
	EndGlobalSection
	GlobalSection(ProjectConfigurationPlatforms) = postSolution
		{16F5616E-11C5-447C-8DBB-94903B24A990}.Debug|Any CPU.ActiveCfg = Debug|Any CPU
		{16F5616E-11C5-447C-8DBB-94903B24A990}.Debug|Any CPU.Build.0 = Debug|Any CPU
		{16F5616E-11C5-447C-8DBB-94903B24A990}.Release|Any CPU.ActiveCfg = Release|Any CPU
		{16F5616E-11C5-447C-8DBB-94903B24A990}.Release|Any CPU.Build.0 = Release|Any CPU
		{BEE54D6F-796B-40C6-A9D6-1DD13A3F7AC6}.Debug|Any CPU.ActiveCfg = Debug|Any CPU
		{BEE54D6F-796B-40C6-A9D6-1DD13A3F7AC6}.Debug|Any CPU.Build.0 = Debug|Any CPU
		{BEE54D6F-796B-40C6-A9D6-1DD13A3F7AC6}.Release|Any CPU.ActiveCfg = Release|Any CPU
		{BEE54D6F-796B-40C6-A9D6-1DD13A3F7AC6}.Release|Any CPU.Build.0 = Release|Any CPU
		{7CCF7DC7-4D4F-45C7-BB3C-42F3A7A08A89}.Debug|Any CPU.ActiveCfg = Debug|Any CPU
		{7CCF7DC7-4D4F-45C7-BB3C-42F3A7A08A89}.Debug|Any CPU.Build.0 = Debug|Any CPU
		{7CCF7DC7-4D4F-45C7-BB3C-42F3A7A08A89}.Release|Any CPU.ActiveCfg = Release|Any CPU
		{7CCF7DC7-4D4F-45C7-BB3C-42F3A7A08A89}.Release|Any CPU.Build.0 = Release|Any CPU
	EndGlobalSection
	GlobalSection(SolutionProperties) = preSolution
		HideSolutionNode = FALSE
	EndGlobalSection
	GlobalSection(ExtensibilityGlobals) = postSolution
		SolutionGuid = {151F47A8-EB01-4391-AD17-52B8F647011C}
	EndGlobalSection
EndGlobal
