
Microsoft Visual Studio Solution File, Format Version 12.00
# Visual Studio Version 16
VisualStudioVersion = 16.0.29613.14
MinimumVisualStudioVersion = 10.0.40219.1
Project("{FAE04EC0-301F-11D3-BF4B-00C04F79EFBC}") = "StockTracking", "StockTracking\StockTracking.csproj", "{83C8C7A4-EF5E-4947-99EB-B8CC742BC54B}"
EndProject
Global
	GlobalSection(SolutionConfigurationPlatforms) = preSolution
		Debug|Any CPU = Debug|Any CPU
		Release|Any CPU = Release|Any CPU
	EndGlobalSection
	GlobalSection(ProjectConfigurationPlatforms) = postSolution
		{83C8C7A4-EF5E-4947-99EB-B8CC742BC54B}.Debug|Any CPU.ActiveCfg = Debug|Any CPU
		{83C8C7A4-EF5E-4947-99EB-B8CC742BC54B}.Debug|Any CPU.Build.0 = Debug|Any CPU
		{83C8C7A4-EF5E-4947-99EB-B8CC742BC54B}.Release|Any CPU.ActiveCfg = Release|Any CPU
		{83C8C7A4-EF5E-4947-99EB-B8CC742BC54B}.Release|Any CPU.Build.0 = Release|Any CPU
	EndGlobalSection
	GlobalSection(SolutionProperties) = preSolution
		HideSolutionNode = FALSE
	EndGlobalSection
	GlobalSection(ExtensibilityGlobals) = postSolution
		SolutionGuid = {546C13D4-CDBD-4D2C-825E-6C15D0BE241D}
	EndGlobalSection
EndGlobal
